
Microsoft Visual Studio Solution File, Format Version 12.00
# Visual Studio Version 17
VisualStudioVersion = 17.11.35312.102
MinimumVisualStudioVersion = 10.0.40219.1
Project("{9A19103F-16F7-4668-BE54-9A1E7A4F7556}") = "Server", "Server\Server.csproj", "{F10998CE-2136-4F48-B35B-1C0A91A35A1D}"
EndProject
Project("{9A19103F-16F7-4668-BE54-9A1E7A4F7556}") = "ServerCore", "ServerCore\ServerCore.csproj", "{70D0A61E-8BF5-4DC6-BE59-180D84C63D72}"
EndProject
Project("{9A19103F-16F7-4668-BE54-9A1E7A4F7556}") = "DummyClient", "DummyClient\DummyClient.csproj", "{D1A6CF6B-C917-4A18-97BE-22540F87A104}"
EndProject
Project("{FAE04EC0-301F-11D3-BF4B-00C04F79EFBC}") = "PacketGenerator", "PacketGenerator\PacketGenerator.csproj", "{ABB42F77-D931-4BBE-A54F-ADB7F633E72D}"
EndProject
Project("{2150E333-8FDC-42A3-9474-1A3956D46DE8}") = "Tools", "Tools", "{99757813-77A5-49F6-9DD6-B0B69266BC71}"
EndProject
Global
	GlobalSection(SolutionConfigurationPlatforms) = preSolution
		Debug|Any CPU = Debug|Any CPU
		Release|Any CPU = Release|Any CPU
	EndGlobalSection
	GlobalSection(ProjectConfigurationPlatforms) = postSolution
		{F10998CE-2136-4F48-B35B-1C0A91A35A1D}.Debug|Any CPU.ActiveCfg = Debug|Any CPU
		{F10998CE-2136-4F48-B35B-1C0A91A35A1D}.Debug|Any CPU.Build.0 = Debug|Any CPU
		{F10998CE-2136-4F48-B35B-1C0A91A35A1D}.Release|Any CPU.ActiveCfg = Release|Any CPU
		{F10998CE-2136-4F48-B35B-1C0A91A35A1D}.Release|Any CPU.Build.0 = Release|Any CPU
		{70D0A61E-8BF5-4DC6-BE59-180D84C63D72}.Debug|Any CPU.ActiveCfg = Debug|Any CPU
		{70D0A61E-8BF5-4DC6-BE59-180D84C63D72}.Debug|Any CPU.Build.0 = Debug|Any CPU
		{70D0A61E-8BF5-4DC6-BE59-180D84C63D72}.Release|Any CPU.ActiveCfg = Release|Any CPU
		{70D0A61E-8BF5-4DC6-BE59-180D84C63D72}.Release|Any CPU.Build.0 = Release|Any CPU
		{D1A6CF6B-C917-4A18-97BE-22540F87A104}.Debug|Any CPU.ActiveCfg = Debug|Any CPU
		{D1A6CF6B-C917-4A18-97BE-22540F87A104}.Debug|Any CPU.Build.0 = Debug|Any CPU
		{D1A6CF6B-C917-4A18-97BE-22540F87A104}.Release|Any CPU.ActiveCfg = Release|Any CPU
		{D1A6CF6B-C917-4A18-97BE-22540F87A104}.Release|Any CPU.Build.0 = Release|Any CPU
		{ABB42F77-D931-4BBE-A54F-ADB7F633E72D}.Debug|Any CPU.ActiveCfg = Debug|Any CPU
		{ABB42F77-D931-4BBE-A54F-ADB7F633E72D}.Debug|Any CPU.Build.0 = Debug|Any CPU
		{ABB42F77-D931-4BBE-A54F-ADB7F633E72D}.Release|Any CPU.ActiveCfg = Release|Any CPU
		{ABB42F77-D931-4BBE-A54F-ADB7F633E72D}.Release|Any CPU.Build.0 = Release|Any CPU
	EndGlobalSection
	GlobalSection(SolutionProperties) = preSolution
		HideSolutionNode = FALSE
	EndGlobalSection
	GlobalSection(NestedProjects) = preSolution
		{ABB42F77-D931-4BBE-A54F-ADB7F633E72D} = {99757813-77A5-49F6-9DD6-B0B69266BC71}
	EndGlobalSection
	GlobalSection(ExtensibilityGlobals) = postSolution
		SolutionGuid = {1D610FC5-CD37-4555-B314-9D7840B75E3A}
	EndGlobalSection
EndGlobal
